
Microsoft Visual Studio Solution File, Format Version 12.00
# Visual Studio Version 16
VisualStudioVersion = 16.0.30204.135
MinimumVisualStudioVersion = 10.0.40219.1
Project("{9A19103F-16F7-4668-BE54-9A1E7A4F7556}") = "EmployeeWeb", "EmployeeWeb\EmployeeWeb.csproj", "{2B319964-A14E-42C1-9FD6-F7664695854A}"
EndProject
Project("{9A19103F-16F7-4668-BE54-9A1E7A4F7556}") = "EmployeeService", "..\EmployeeService\EmployeeService.csproj", "{5AE9F2CD-584B-4A0D-888F-55CCBCC2FC14}"
EndProject
Global
	GlobalSection(SolutionConfigurationPlatforms) = preSolution
		Debug|Any CPU = Debug|Any CPU
		Release|Any CPU = Release|Any CPU
	EndGlobalSection
	GlobalSection(ProjectConfigurationPlatforms) = postSolution
		{2B319964-A14E-42C1-9FD6-F7664695854A}.Debug|Any CPU.ActiveCfg = Debug|Any CPU
		{2B319964-A14E-42C1-9FD6-F7664695854A}.Debug|Any CPU.Build.0 = Debug|Any CPU
		{2B319964-A14E-42C1-9FD6-F7664695854A}.Release|Any CPU.ActiveCfg = Release|Any CPU
		{2B319964-A14E-42C1-9FD6-F7664695854A}.Release|Any CPU.Build.0 = Release|Any CPU
		{5AE9F2CD-584B-4A0D-888F-55CCBCC2FC14}.Debug|Any CPU.ActiveCfg = Debug|Any CPU
		{5AE9F2CD-584B-4A0D-888F-55CCBCC2FC14}.Debug|Any CPU.Build.0 = Debug|Any CPU
		{5AE9F2CD-584B-4A0D-888F-55CCBCC2FC14}.Release|Any CPU.ActiveCfg = Release|Any CPU
		{5AE9F2CD-584B-4A0D-888F-55CCBCC2FC14}.Release|Any CPU.Build.0 = Release|Any CPU
	EndGlobalSection
	GlobalSection(SolutionProperties) = preSolution
		HideSolutionNode = FALSE
	EndGlobalSection
	GlobalSection(ExtensibilityGlobals) = postSolution
		SolutionGuid = {F600A046-A281-4B3C-9BD1-6B18641BAE9E}
	EndGlobalSection
EndGlobal
